
Microsoft Visual Studio Solution File, Format Version 12.00
# Visual Studio Version 17
VisualStudioVersion = 17.0.32126.317
MinimumVisualStudioVersion = 10.0.40219.1
Project("{FAE04EC0-301F-11D3-BF4B-00C04F79EFBC}") = "Assignment", "Assignment\Assignment.csproj", "{D1244250-3E52-4A68-AB50-8A7222DF8E1A}"
EndProject
Global
	GlobalSection(SolutionConfigurationPlatforms) = preSolution
		Debug|Any CPU = Debug|Any CPU
		Release|Any CPU = Release|Any CPU
	EndGlobalSection
	GlobalSection(ProjectConfigurationPlatforms) = postSolution
		{D1244250-3E52-4A68-AB50-8A7222DF8E1A}.Debug|Any CPU.ActiveCfg = Debug|Any CPU
		{D1244250-3E52-4A68-AB50-8A7222DF8E1A}.Debug|Any CPU.Build.0 = Debug|Any CPU
		{D1244250-3E52-4A68-AB50-8A7222DF8E1A}.Release|Any CPU.ActiveCfg = Release|Any CPU
		{D1244250-3E52-4A68-AB50-8A7222DF8E1A}.Release|Any CPU.Build.0 = Release|Any CPU
	EndGlobalSection
	GlobalSection(SolutionProperties) = preSolution
		HideSolutionNode = FALSE
	EndGlobalSection
	GlobalSection(ExtensibilityGlobals) = postSolution
		SolutionGuid = {8D405C97-B8E9-4242-AB7A-A640DA4ACAA3}
	EndGlobalSection
EndGlobal
